// !$*UTF8*$!
{
	archiveVersion = 1;
	classes = {
	};
	objectVersion = 55;
	objects = {

/* Begin PBXBuildFile section */
		7F1FAA9B2728F9FD0073CCC2 /* Global.swift in Sources */ = {isa = PBXBuildFile; fileRef = 7F1FAA9A2728F9FD0073CCC2 /* Global.swift */; };
		7FFBD8142727E6D400A6D439 /* AppDelegate.swift in Sources */ = {isa = PBXBuildFile; fileRef = 7FFBD8132727E6D400A6D439 /* AppDelegate.swift */; };
		7FFBD8162727E6D400A6D439 /* SceneDelegate.swift in Sources */ = {isa = PBXBuildFile; fileRef = 7FFBD8152727E6D400A6D439 /* SceneDelegate.swift */; };
		7FFBD8182727E6D400A6D439 /* ViewController.swift in Sources */ = {isa = PBXBuildFile; fileRef = 7FFBD8172727E6D400A6D439 /* ViewController.swift */; };
		7FFBD81B2727E6D400A6D439 /* Main.storyboard in Resources */ = {isa = PBXBuildFile; fileRef = 7FFBD8192727E6D400A6D439 /* Main.storyboard */; };
		7FFBD81D2727E6D700A6D439 /* Assets.xcassets in Resources */ = {isa = PBXBuildFile; fileRef = 7FFBD81C2727E6D700A6D439 /* Assets.xcassets */; };
		7FFBD8202727E6D700A6D439 /* LaunchScreen.storyboard in Resources */ = {isa = PBXBuildFile; fileRef = 7FFBD81E2727E6D700A6D439 /* LaunchScreen.storyboard */; };
		7FFBD8282727E6F800A6D439 /* VideoPlayerVC.swift in Sources */ = {isa = PBXBuildFile; fileRef = 7FFBD8272727E6F800A6D439 /* VideoPlayerVC.swift */; };
		7FFBD82A2727E7D200A6D439 /* Movies.json in Resources */ = {isa = PBXBuildFile; fileRef = 7FFBD8292727E7D200A6D439 /* Movies.json */; };
		7FFBD82C2727F3FC00A6D439 /* CoordinationManager.swift in Sources */ = {isa = PBXBuildFile; fileRef = 7FFBD82B2727F3FC00A6D439 /* CoordinationManager.swift */; };
		7FFBD82E2727F42F00A6D439 /* MovieWatchingActivity.swift in Sources */ = {isa = PBXBuildFile; fileRef = 7FFBD82D2727F42F00A6D439 /* MovieWatchingActivity.swift */; };
/* End PBXBuildFile section */

/* Begin PBXFileReference section */
		7F1FAA9A2728F9FD0073CCC2 /* Global.swift */ = {isa = PBXFileReference; lastKnownFileType = sourcecode.swift; path = Global.swift; sourceTree = "<group>"; };
		7FFBD8102727E6D400A6D439 /* SharePlayDemo.app */ = {isa = PBXFileReference; explicitFileType = wrapper.application; includeInIndex = 0; path = SharePlayDemo.app; sourceTree = BUILT_PRODUCTS_DIR; };
		7FFBD8132727E6D400A6D439 /* AppDelegate.swift */ = {isa = PBXFileReference; lastKnownFileType = sourcecode.swift; path = AppDelegate.swift; sourceTree = "<group>"; };
		7FFBD8152727E6D400A6D439 /* SceneDelegate.swift */ = {isa = PBXFileReference; lastKnownFileType = sourcecode.swift; path = SceneDelegate.swift; sourceTree = "<group>"; };
		7FFBD8172727E6D400A6D439 /* ViewController.swift */ = {isa = PBXFileReference; lastKnownFileType = sourcecode.swift; path = ViewController.swift; sourceTree = "<group>"; };
		7FFBD81A2727E6D400A6D439 /* Base */ = {isa = PBXFileReference; lastKnownFileType = file.storyboard; name = Base; path = Base.lproj/Main.storyboard; sourceTree = "<group>"; };
		7FFBD81C2727E6D700A6D439 /* Assets.xcassets */ = {isa = PBXFileReference; lastKnownFileType = folder.assetcatalog; path = Assets.xcassets; sourceTree = "<group>"; };
		7FFBD81F2727E6D700A6D439 /* Base */ = {isa = PBXFileReference; lastKnownFileType = file.storyboard; name = Base; path = Base.lproj/LaunchScreen.storyboard; sourceTree = "<group>"; };
		7FFBD8212727E6D700A6D439 /* Info.plist */ = {isa = PBXFileReference; lastKnownFileType = text.plist.xml; path = Info.plist; sourceTree = "<group>"; };
		7FFBD8272727E6F800A6D439 /* VideoPlayerVC.swift */ = {isa = PBXFileReference; lastKnownFileType = sourcecode.swift; path = VideoPlayerVC.swift; sourceTree = "<group>"; };
		7FFBD8292727E7D200A6D439 /* Movies.json */ = {isa = PBXFileReference; lastKnownFileType = text.json; path = Movies.json; sourceTree = "<group>"; };
		7FFBD82B2727F3FC00A6D439 /* CoordinationManager.swift */ = {isa = PBXFileReference; lastKnownFileType = sourcecode.swift; path = CoordinationManager.swift; sourceTree = "<group>"; };
		7FFBD82D2727F42F00A6D439 /* MovieWatchingActivity.swift */ = {isa = PBXFileReference; lastKnownFileType = sourcecode.swift; path = MovieWatchingActivity.swift; sourceTree = "<group>"; };
		7FFBD82F2727F64E00A6D439 /* SharePlayDemo.entitlements */ = {isa = PBXFileReference; lastKnownFileType = text.plist.entitlements; path = SharePlayDemo.entitlements; sourceTree = "<group>"; };
/* End PBXFileReference section */

/* Begin PBXFrameworksBuildPhase section */
		7FFBD80D2727E6D400A6D439 /* Frameworks */ = {
			isa = PBXFrameworksBuildPhase;
			buildActionMask = 2147483647;
			files = (
			);
			runOnlyForDeploymentPostprocessing = 0;
		};
/* End PBXFrameworksBuildPhase section */

/* Begin PBXGroup section */
		7FFBD8072727E6D400A6D439 = {
			isa = PBXGroup;
			children = (
				7FFBD8122727E6D400A6D439 /* SharePlayDemo */,
				7FFBD8112727E6D400A6D439 /* Products */,
			);
			sourceTree = "<group>";
		};
		7FFBD8112727E6D400A6D439 /* Products */ = {
			isa = PBXGroup;
			children = (
				7FFBD8102727E6D400A6D439 /* SharePlayDemo.app */,
			);
			name = Products;
			sourceTree = "<group>";
		};
		7FFBD8122727E6D400A6D439 /* SharePlayDemo */ = {
			isa = PBXGroup;
			children = (
				7FFBD82F2727F64E00A6D439 /* SharePlayDemo.entitlements */,
				7FFBD8132727E6D400A6D439 /* AppDelegate.swift */,
				7FFBD8152727E6D400A6D439 /* SceneDelegate.swift */,
				7FFBD8172727E6D400A6D439 /* ViewController.swift */,
				7FFBD8192727E6D400A6D439 /* Main.storyboard */,
				7FFBD81C2727E6D700A6D439 /* Assets.xcassets */,
				7FFBD81E2727E6D700A6D439 /* LaunchScreen.storyboard */,
				7FFBD8212727E6D700A6D439 /* Info.plist */,
				7FFBD8272727E6F800A6D439 /* VideoPlayerVC.swift */,
				7FFBD8292727E7D200A6D439 /* Movies.json */,
				7FFBD82B2727F3FC00A6D439 /* CoordinationManager.swift */,
				7FFBD82D2727F42F00A6D439 /* MovieWatchingActivity.swift */,
				7F1FAA9A2728F9FD0073CCC2 /* Global.swift */,
			);
			path = SharePlayDemo;
			sourceTree = "<group>";
		};
/* End PBXGroup section */

/* Begin PBXNativeTarget section */
		7FFBD80F2727E6D400A6D439 /* SharePlayDemo */ = {
			isa = PBXNativeTarget;
			buildConfigurationList = 7FFBD8242727E6D700A6D439 /* Build configuration list for PBXNativeTarget "SharePlayDemo" */;
			buildPhases = (
				7FFBD80C2727E6D400A6D439 /* Sources */,
				7FFBD80D2727E6D400A6D439 /* Frameworks */,
				7FFBD80E2727E6D400A6D439 /* Resources */,
			);
			buildRules = (
			);
			dependencies = (
			);
			name = SharePlayDemo;
			productName = SharePlayDemo;
			productReference = 7FFBD8102727E6D400A6D439 /* SharePlayDemo.app */;
			productType = "com.apple.product-type.application";
		};
/* End PBXNativeTarget section */

/* Begin PBXProject section */
		7FFBD8082727E6D400A6D439 /* Project object */ = {
			isa = PBXProject;
			attributes = {
				BuildIndependentTargetsInParallel = 1;
				LastSwiftUpdateCheck = 1300;
				LastUpgradeCheck = 1300;
				TargetAttributes = {
					7FFBD80F2727E6D400A6D439 = {
						CreatedOnToolsVersion = 13.0;
					};
				};
			};
			buildConfigurationList = 7FFBD80B2727E6D400A6D439 /* Build configuration list for PBXProject "SharePlayDemo" */;
			compatibilityVersion = "Xcode 13.0";
			developmentRegion = en;
			hasScannedForEncodings = 0;
			knownRegions = (
				en,
				Base,
			);
			mainGroup = 7FFBD8072727E6D400A6D439;
			productRefGroup = 7FFBD8112727E6D400A6D439 /* Products */;
			projectDirPath = "";
			projectRoot = "";
			targets = (
				7FFBD80F2727E6D400A6D439 /* SharePlayDemo */,
			);
		};
/* End PBXProject section */

/* Begin PBXResourcesBuildPhase section */
		7FFBD80E2727E6D400A6D439 /* Resources */ = {
			isa = PBXResourcesBuildPhase;
			buildActionMask = 2147483647;
			files = (
				7FFBD8202727E6D700A6D439 /* LaunchScreen.storyboard in Resources */,
				7FFBD81D2727E6D700A6D439 /* Assets.xcassets in Resources */,
				7FFBD82A2727E7D200A6D439 /* Movies.json in Resources */,
				7FFBD81B2727E6D400A6D439 /* Main.storyboard in Resources */,
			);
			runOnlyForDeploymentPostprocessing = 0;
		};
/* End PBXResourcesBuildPhase section */

/* Begin PBXSourcesBuildPhase section */
		7FFBD80C2727E6D400A6D439 /* Sources */ = {
			isa = PBXSourcesBuildPhase;
			buildActionMask = 2147483647;
			files = (
				7FFBD82E2727F42F00A6D439 /* MovieWatchingActivity.swift in Sources */,
				7FFBD8182727E6D400A6D439 /* ViewController.swift in Sources */,
				7FFBD8142727E6D400A6D439 /* AppDelegate.swift in Sources */,
				7FFBD8162727E6D400A6D439 /* SceneDelegate.swift in Sources */,
				7FFBD8282727E6F800A6D439 /* VideoPlayerVC.swift in Sources */,
				7FFBD82C2727F3FC00A6D439 /* CoordinationManager.swift in Sources */,
				7F1FAA9B2728F9FD0073CCC2 /* Global.swift in Sources */,
			);
			runOnlyForDeploymentPostprocessing = 0;
		};
/* End PBXSourcesBuildPhase section */

/* Begin PBXVariantGroup section */
		7FFBD8192727E6D400A6D439 /* Main.storyboard */ = {
			isa = PBXVariantGroup;
			children = (
				7FFBD81A2727E6D400A6D439 /* Base */,
			);
			name = Main.storyboard;
			sourceTree = "<group>";
		};
		7FFBD81E2727E6D700A6D439 /* LaunchScreen.storyboard */ = {
			isa = PBXVariantGroup;
			children = (
				7FFBD81F2727E6D700A6D439 /* Base */,
			);
			name = LaunchScreen.storyboard;
			sourceTree = "<group>";
		};
/* End PBXVariantGroup section */

/* Begin XCBuildConfiguration section */
		7FFBD8222727E6D700A6D439 /* Debug */ = {
			isa = XCBuildConfiguration;
			buildSettings = {
				ALWAYS_SEARCH_USER_PATHS = NO;
				CLANG_ANALYZER_NONNULL = YES;
				CLANG_ANALYZER_NUMBER_OBJECT_CONVERSION = YES_AGGRESSIVE;
				CLANG_CXX_LANGUAGE_STANDARD = "gnu++17";
				CLANG_CXX_LIBRARY = "libc++";
				CLANG_ENABLE_MODULES = YES;
				CLANG_ENABLE_OBJC_ARC = YES;
				CLANG_ENABLE_OBJC_WEAK = YES;
				CLANG_WARN_BLOCK_CAPTURE_AUTORELEASING = YES;
				CLANG_WARN_BOOL_CONVERSION = YES;
				CLANG_WARN_COMMA = YES;
				CLANG_WARN_CONSTANT_CONVERSION = YES;
				CLANG_WARN_DEPRECATED_OBJC_IMPLEMENTATIONS = YES;
				CLANG_WARN_DIRECT_OBJC_ISA_USAGE = YES_ERROR;
				CLANG_WARN_DOCUMENTATION_COMMENTS = YES;
				CLANG_WARN_EMPTY_BODY = YES;
				CLANG_WARN_ENUM_CONVERSION = YES;
				CLANG_WARN_INFINITE_RECURSION = YES;
				CLANG_WARN_INT_CONVERSION = YES;
				CLANG_WARN_NON_LITERAL_NULL_CONVERSION = YES;
				CLANG_WARN_OBJC_IMPLICIT_RETAIN_SELF = YES;
				CLANG_WARN_OBJC_LITERAL_CONVERSION = YES;
				CLANG_WARN_OBJC_ROOT_CLASS = YES_ERROR;
				CLANG_WARN_QUOTED_INCLUDE_IN_FRAMEWORK_HEADER = YES;
				CLANG_WARN_RANGE_LOOP_ANALYSIS = YES;
				CLANG_WARN_STRICT_PROTOTYPES = YES;
				CLANG_WARN_SUSPICIOUS_MOVE = YES;
				CLANG_WARN_UNGUARDED_AVAILABILITY = YES_AGGRESSIVE;
				CLANG_WARN_UNREACHABLE_CODE = YES;
				CLANG_WARN__DUPLICATE_METHOD_MATCH = YES;
				COPY_PHASE_STRIP = NO;
				DEBUG_INFORMATION_FORMAT = dwarf;
				ENABLE_STRICT_OBJC_MSGSEND = YES;
				ENABLE_TESTABILITY = YES;
				GCC_C_LANGUAGE_STANDARD = gnu11;
				GCC_DYNAMIC_NO_PIC = NO;
				GCC_NO_COMMON_BLOCKS = YES;
				GCC_OPTIMIZATION_LEVEL = 0;
				GCC_PREPROCESSOR_DEFINITIONS = (
					"DEBUG=1",
					"$(inherited)",
				);
				GCC_WARN_64_TO_32_BIT_CONVERSION = YES;
				GCC_WARN_ABOUT_RETURN_TYPE = YES_ERROR;
				GCC_WARN_UNDECLARED_SELECTOR = YES;
				GCC_WARN_UNINITIALIZED_AUTOS = YES_AGGRESSIVE;
				GCC_WARN_UNUSED_FUNCTION = YES;
				GCC_WARN_UNUSED_VARIABLE = YES;
				IPHONEOS_DEPLOYMENT_TARGET = 15.0;
				MTL_ENABLE_DEBUG_INFO = INCLUDE_SOURCE;
				MTL_FAST_MATH = YES;
				ONLY_ACTIVE_ARCH = YES;
				SDKROOT = iphoneos;
				SWIFT_ACTIVE_COMPILATION_CONDITIONS = DEBUG;
				SWIFT_OPTIMIZATION_LEVEL = "-Onone";
			};
			name = Debug;
		};
		7FFBD8232727E6D700A6D439 /* Release */ = {
			isa = XCBuildConfiguration;
			buildSettings = {
				ALWAYS_SEARCH_USER_PATHS = NO;
				CLANG_ANALYZER_NONNULL = YES;
				CLANG_ANALYZER_NUMBER_OBJECT_CONVERSION = YES_AGGRESSIVE;
				CLANG_CXX_LANGUAGE_STANDARD = "gnu++17";
				CLANG_CXX_LIBRARY = "libc++";
				CLANG_ENABLE_MODULES = YES;
				CLANG_ENABLE_OBJC_ARC = YES;
				CLANG_ENABLE_OBJC_WEAK = YES;
				CLANG_WARN_BLOCK_CAPTURE_AUTORELEASING = YES;
				CLANG_WARN_BOOL_CONVERSION = YES;
				CLANG_WARN_COMMA = YES;
				CLANG_WARN_CONSTANT_CONVERSION = YES;
				CLANG_WARN_DEPRECATED_OBJC_IMPLEMENTATIONS = YES;
				CLANG_WARN_DIRECT_OBJC_ISA_USAGE = YES_ERROR;
				CLANG_WARN_DOCUMENTATION_COMMENTS = YES;
				CLANG_WARN_EMPTY_BODY = YES;
				CLANG_WARN_ENUM_CONVERSION = YES;
				CLANG_WARN_INFINITE_RECURSION = YES;
				CLANG_WARN_INT_CONVERSION = YES;
				CLANG_WARN_NON_LITERAL_NULL_CONVERSION = YES;
				CLANG_WARN_OBJC_IMPLICIT_RETAIN_SELF = YES;
				CLANG_WARN_OBJC_LITERAL_CONVERSION = YES;
				CLANG_WARN_OBJC_ROOT_CLASS = YES_ERROR;
				CLANG_WARN_QUOTED_INCLUDE_IN_FRAMEWORK_HEADER = YES;
				CLANG_WARN_RANGE_LOOP_ANALYSIS = YES;
				CLANG_WARN_STRICT_PROTOTYPES = YES;
				CLANG_WARN_SUSPICIOUS_MOVE = YES;
				CLANG_WARN_UNGUARDED_AVAILABILITY = YES_AGGRESSIVE;
				CLANG_WARN_UNREACHABLE_CODE = YES;
				CLANG_WARN__DUPLICATE_METHOD_MATCH = YES;
				COPY_PHASE_STRIP = NO;
				DEBUG_INFORMATION_FORMAT = "dwarf-with-dsym";
				ENABLE_NS_ASSERTIONS = NO;
				ENABLE_STRICT_OBJC_MSGSEND = YES;
				GCC_C_LANGUAGE_STANDARD = gnu11;
				GCC_NO_COMMON_BLOCKS = YES;
				GCC_WARN_64_TO_32_BIT_CONVERSION = YES;
				GCC_WARN_ABOUT_RETURN_TYPE = YES_ERROR;
				GCC_WARN_UNDECLARED_SELECTOR = YES;
				GCC_WARN_UNINITIALIZED_AUTOS = YES_AGGRESSIVE;
				GCC_WARN_UNUSED_FUNCTION = YES;
				GCC_WARN_UNUSED_VARIABLE = YES;
				IPHONEOS_DEPLOYMENT_TARGET = 15.0;
				MTL_ENABLE_DEBUG_INFO = NO;
				MTL_FAST_MATH = YES;
				SDKROOT = iphoneos;
				SWIFT_COMPILATION_MODE = wholemodule;
				SWIFT_OPTIMIZATION_LEVEL = "-O";
				VALIDATE_PRODUCT = YES;
			};
			name = Release;
		};
		7FFBD8252727E6D700A6D439 /* Debug */ = {
			isa = XCBuildConfiguration;
			buildSettings = {
				ASSETCATALOG_COMPILER_APPICON_NAME = AppIcon;
				ASSETCATALOG_COMPILER_GLOBAL_ACCENT_COLOR_NAME = AccentColor;
				CODE_SIGN_ENTITLEMENTS = SharePlayDemo/SharePlayDemo.entitlements;
				CODE_SIGN_STYLE = Automatic;
				CURRENT_PROJECT_VERSION = 1;
				DEVELOPMENT_TEAM = US8H2WJ2JK;
				GENERATE_INFOPLIST_FILE = YES;
				INFOPLIST_FILE = SharePlayDemo/Info.plist;
				INFOPLIST_KEY_UIApplicationSupportsIndirectInputEvents = YES;
				INFOPLIST_KEY_UILaunchStoryboardName = LaunchScreen;
				INFOPLIST_KEY_UIMainStoryboardFile = Main;
				INFOPLIST_KEY_UISupportedInterfaceOrientations_iPad = "UIInterfaceOrientationPortrait UIInterfaceOrientationPortraitUpsideDown UIInterfaceOrientationLandscapeLeft UIInterfaceOrientationLandscapeRight";
				INFOPLIST_KEY_UISupportedInterfaceOrientations_iPhone = "UIInterfaceOrientationPortrait UIInterfaceOrientationLandscapeLeft UIInterfaceOrientationLandscapeRight";
				LD_RUNPATH_SEARCH_PATHS = (
					"$(inherited)",
					"@executable_path/Frameworks",
				);
				MARKETING_VERSION = 1.0;
				PRODUCT_BUNDLE_IDENTIFIER = com.chandi.SharePlayDemo;
				PRODUCT_NAME = "$(TARGET_NAME)";
				SWIFT_EMIT_LOC_STRINGS = YES;
				SWIFT_VERSION = 5.0;
				TARGETED_DEVICE_FAMILY = "1,2";
			};
			name = Debug;
		};
		7FFBD8262727E6D700A6D439 /* Release */ = {
			isa = XCBuildConfiguration;
			buildSettings = {
				ASSETCATALOG_COMPILER_APPICON_NAME = AppIcon;
				ASSETCATALOG_COMPILER_GLOBAL_ACCENT_COLOR_NAME = AccentColor;
				CODE_SIGN_ENTITLEMENTS = SharePlayDemo/SharePlayDemo.entitlements;
				CODE_SIGN_STYLE = Automatic;
				CURRENT_PROJECT_VERSION = 1;
				DEVELOPMENT_TEAM = US8H2WJ2JK;
				GENERATE_INFOPLIST_FILE = YES;
				INFOPLIST_FILE = SharePlayDemo/Info.plist;
				INFOPLIST_KEY_UIApplicationSupportsIndirectInputEvents = YES;
				INFOPLIST_KEY_UILaunchStoryboardName = LaunchScreen;
				INFOPLIST_KEY_UIMainStoryboardFile = Main;
				INFOPLIST_KEY_UISupportedInterfaceOrientations_iPad = "UIInterfaceOrientationPortrait UIInterfaceOrientationPortraitUpsideDown UIInterfaceOrientationLandscapeLeft UIInterfaceOrientationLandscapeRight";
				INFOPLIST_KEY_UISupportedInterfaceOrientations_iPhone = "UIInterfaceOrientationPortrait UIInterfaceOrientationLandscapeLeft UIInterfaceOrientationLandscapeRight";
				LD_RUNPATH_SEARCH_PATHS = (
					"$(inherited)",
					"@executable_path/Frameworks",
				);
				MARKETING_VERSION = 1.0;
				PRODUCT_BUNDLE_IDENTIFIER = com.chandi.SharePlayDemo;
				PRODUCT_NAME = "$(TARGET_NAME)";
				SWIFT_EMIT_LOC_STRINGS = YES;
				SWIFT_VERSION = 5.0;
				TARGETED_DEVICE_FAMILY = "1,2";
			};
			name = Release;
		};
/* End XCBuildConfiguration section */

/* Begin XCConfigurationList section */
		7FFBD80B2727E6D400A6D439 /* Build configuration list for PBXProject "SharePlayDemo" */ = {
			isa = XCConfigurationList;
			buildConfigurations = (
				7FFBD8222727E6D700A6D439 /* Debug */,
				7FFBD8232727E6D700A6D439 /* Release */,
			);
			defaultConfigurationIsVisible = 0;
			defaultConfigurationName = Release;
		};
		7FFBD8242727E6D700A6D439 /* Build configuration list for PBXNativeTarget "SharePlayDemo" */ = {
			isa = XCConfigurationList;
			buildConfigurations = (
				7FFBD8252727E6D700A6D439 /* Debug */,
				7FFBD8262727E6D700A6D439 /* Release */,
			);
			defaultConfigurationIsVisible = 0;
			defaultConfigurationName = Release;
		};
/* End XCConfigurationList section */
	};
	rootObject = 7FFBD8082727E6D400A6D439 /* Project object */;
}
